// !$*UTF8*$!
{
	archiveVersion = 1;
	classes = {
	};
	objectVersion = 51;
	objects = {

/* Begin PBXBuildFile section */
		4B17C47C68EE740D985296B3 /* Pods_IntercomTesting.framework in Frameworks */ = {isa = PBXBuildFile; fileRef = AC4040917172E569722D7149 /* Pods_IntercomTesting.framework */; };
		FA6BFDCC24AD288400AE842C /* AppDelegate.swift in Sources */ = {isa = PBXBuildFile; fileRef = FA6BFDCB24AD288400AE842C /* AppDelegate.swift */; };
		FA6BFDCE24AD288400AE842C /* SceneDelegate.swift in Sources */ = {isa = PBXBuildFile; fileRef = FA6BFDCD24AD288400AE842C /* SceneDelegate.swift */; };
		FA6BFDD024AD288400AE842C /* ViewController.swift in Sources */ = {isa = PBXBuildFile; fileRef = FA6BFDCF24AD288400AE842C /* ViewController.swift */; };
		FA6BFDD324AD288400AE842C /* Main.storyboard in Resources */ = {isa = PBXBuildFile; fileRef = FA6BFDD124AD288400AE842C /* Main.storyboard */; };
		FA6BFDD524AD288500AE842C /* Assets.xcassets in Resources */ = {isa = PBXBuildFile; fileRef = FA6BFDD424AD288500AE842C /* Assets.xcassets */; };
		FA6BFDD824AD288500AE842C /* LaunchScreen.storyboard in Resources */ = {isa = PBXBuildFile; fileRef = FA6BFDD624AD288500AE842C /* LaunchScreen.storyboard */; };
		FA6BFDE024AD2C5400AE842C /* ChatBot.swift in Sources */ = {isa = PBXBuildFile; fileRef = FA6BFDDF24AD2C5400AE842C /* ChatBot.swift */; };
/* End PBXBuildFile section */

/* Begin PBXFileReference section */
		1D25233849A98ACF8BF6D9FC /* Pods-IntercomTesting.debug.xcconfig */ = {isa = PBXFileReference; includeInIndex = 1; lastKnownFileType = text.xcconfig; name = "Pods-IntercomTesting.debug.xcconfig"; path = "Target Support Files/Pods-IntercomTesting/Pods-IntercomTesting.debug.xcconfig"; sourceTree = "<group>"; };
		AC4040917172E569722D7149 /* Pods_IntercomTesting.framework */ = {isa = PBXFileReference; explicitFileType = wrapper.framework; includeInIndex = 0; path = Pods_IntercomTesting.framework; sourceTree = BUILT_PRODUCTS_DIR; };
		CB49502D9FAF91BF10D36AC0 /* Pods-IntercomTesting.release.xcconfig */ = {isa = PBXFileReference; includeInIndex = 1; lastKnownFileType = text.xcconfig; name = "Pods-IntercomTesting.release.xcconfig"; path = "Target Support Files/Pods-IntercomTesting/Pods-IntercomTesting.release.xcconfig"; sourceTree = "<group>"; };
		FA6BFDC824AD288400AE842C /* IntercomTesting.app */ = {isa = PBXFileReference; explicitFileType = wrapper.application; includeInIndex = 0; path = IntercomTesting.app; sourceTree = BUILT_PRODUCTS_DIR; };
		FA6BFDCB24AD288400AE842C /* AppDelegate.swift */ = {isa = PBXFileReference; lastKnownFileType = sourcecode.swift; path = AppDelegate.swift; sourceTree = "<group>"; };
		FA6BFDCD24AD288400AE842C /* SceneDelegate.swift */ = {isa = PBXFileReference; lastKnownFileType = sourcecode.swift; path = SceneDelegate.swift; sourceTree = "<group>"; };
		FA6BFDCF24AD288400AE842C /* ViewController.swift */ = {isa = PBXFileReference; lastKnownFileType = sourcecode.swift; path = ViewController.swift; sourceTree = "<group>"; };
		FA6BFDD224AD288400AE842C /* Base */ = {isa = PBXFileReference; lastKnownFileType = file.storyboard; name = Base; path = Base.lproj/Main.storyboard; sourceTree = "<group>"; };
		FA6BFDD424AD288500AE842C /* Assets.xcassets */ = {isa = PBXFileReference; lastKnownFileType = folder.assetcatalog; path = Assets.xcassets; sourceTree = "<group>"; };
		FA6BFDD724AD288500AE842C /* Base */ = {isa = PBXFileReference; lastKnownFileType = file.storyboard; name = Base; path = Base.lproj/LaunchScreen.storyboard; sourceTree = "<group>"; };
		FA6BFDD924AD288500AE842C /* Info.plist */ = {isa = PBXFileReference; lastKnownFileType = text.plist.xml; path = Info.plist; sourceTree = "<group>"; };
		FA6BFDDF24AD2C5400AE842C /* ChatBot.swift */ = {isa = PBXFileReference; fileEncoding = 4; lastKnownFileType = sourcecode.swift; path = ChatBot.swift; sourceTree = SOURCE_ROOT; };
/* End PBXFileReference section */

/* Begin PBXFrameworksBuildPhase section */
		FA6BFDC524AD288400AE842C /* Frameworks */ = {
			isa = PBXFrameworksBuildPhase;
			buildActionMask = 2147483647;
			files = (
				4B17C47C68EE740D985296B3 /* Pods_IntercomTesting.framework in Frameworks */,
			);
			runOnlyForDeploymentPostprocessing = 0;
		};
/* End PBXFrameworksBuildPhase section */

/* Begin PBXGroup section */
		2C980393AAF79F638664DE07 /* Pods */ = {
			isa = PBXGroup;
			children = (
				1D25233849A98ACF8BF6D9FC /* Pods-IntercomTesting.debug.xcconfig */,
				CB49502D9FAF91BF10D36AC0 /* Pods-IntercomTesting.release.xcconfig */,
			);
			path = Pods;
			sourceTree = "<group>";
		};
		912CFA0E997B41BAE24C4492 /* Frameworks */ = {
			isa = PBXGroup;
			children = (
				AC4040917172E569722D7149 /* Pods_IntercomTesting.framework */,
			);
			name = Frameworks;
			sourceTree = "<group>";
		};
		FA6BFDBF24AD288400AE842C = {
			isa = PBXGroup;
			children = (
				FA6BFDCA24AD288400AE842C /* IntercomTesting */,
				FA6BFDC924AD288400AE842C /* Products */,
				2C980393AAF79F638664DE07 /* Pods */,
				912CFA0E997B41BAE24C4492 /* Frameworks */,
			);
			sourceTree = "<group>";
		};
		FA6BFDC924AD288400AE842C /* Products */ = {
			isa = PBXGroup;
			children = (
				FA6BFDC824AD288400AE842C /* IntercomTesting.app */,
			);
			name = Products;
			sourceTree = "<group>";
		};
		FA6BFDCA24AD288400AE842C /* IntercomTesting */ = {
			isa = PBXGroup;
			children = (
				FA6BFDDF24AD2C5400AE842C /* ChatBot.swift */,
				FA6BFDCB24AD288400AE842C /* AppDelegate.swift */,
				FA6BFDCD24AD288400AE842C /* SceneDelegate.swift */,
				FA6BFDCF24AD288400AE842C /* ViewController.swift */,
				FA6BFDD124AD288400AE842C /* Main.storyboard */,
				FA6BFDD424AD288500AE842C /* Assets.xcassets */,
				FA6BFDD624AD288500AE842C /* LaunchScreen.storyboard */,
				FA6BFDD924AD288500AE842C /* Info.plist */,
			);
			path = IntercomTesting;
			sourceTree = "<group>";
		};
/* End PBXGroup section */

/* Begin PBXNativeTarget section */
		FA6BFDC724AD288400AE842C /* IntercomTesting */ = {
			isa = PBXNativeTarget;
			buildConfigurationList = FA6BFDDC24AD288500AE842C /* Build configuration list for PBXNativeTarget "IntercomTesting" */;
			buildPhases = (
				AC6037247A0E81DCCF109E5B /* [CP] Check Pods Manifest.lock */,
				FA6BFDC424AD288400AE842C /* Sources */,
				FA6BFDC524AD288400AE842C /* Frameworks */,
				FA6BFDC624AD288400AE842C /* Resources */,
				69359918F24903C1468DEAF3 /* [CP] Copy Pods Resources */,
			);
			buildRules = (
			);
			dependencies = (
			);
			name = IntercomTesting;
			productName = IntercomTesting;
			productReference = FA6BFDC824AD288400AE842C /* IntercomTesting.app */;
			productType = "com.apple.product-type.application";
		};
/* End PBXNativeTarget section */

/* Begin PBXProject section */
		FA6BFDC024AD288400AE842C /* Project object */ = {
			isa = PBXProject;
			attributes = {
				LastSwiftUpdateCheck = 1150;
				LastUpgradeCheck = 1150;
				ORGANIZATIONNAME = "Yogeswaran Siva";
				TargetAttributes = {
					FA6BFDC724AD288400AE842C = {
						CreatedOnToolsVersion = 11.5;
					};
				};
			};
			buildConfigurationList = FA6BFDC324AD288400AE842C /* Build configuration list for PBXProject "IntercomTesting" */;
			compatibilityVersion = "Xcode 9.3";
			developmentRegion = en;
			hasScannedForEncodings = 0;
			knownRegions = (
				en,
				Base,
			);
			mainGroup = FA6BFDBF24AD288400AE842C;
			productRefGroup = FA6BFDC924AD288400AE842C /* Products */;
			projectDirPath = "";
			projectRoot = "";
			targets = (
				FA6BFDC724AD288400AE842C /* IntercomTesting */,
			);
		};
/* End PBXProject section */

/* Begin PBXResourcesBuildPhase section */
		FA6BFDC624AD288400AE842C /* Resources */ = {
			isa = PBXResourcesBuildPhase;
			buildActionMask = 2147483647;
			files = (
				FA6BFDD824AD288500AE842C /* LaunchScreen.storyboard in Resources */,
				FA6BFDD524AD288500AE842C /* Assets.xcassets in Resources */,
				FA6BFDD324AD288400AE842C /* Main.storyboard in Resources */,
			);
			runOnlyForDeploymentPostprocessing = 0;
		};
/* End PBXResourcesBuildPhase section */

/* Begin PBXShellScriptBuildPhase section */
		69359918F24903C1468DEAF3 /* [CP] Copy Pods Resources */ = {
			isa = PBXShellScriptBuildPhase;
			buildActionMask = 2147483647;
			files = (
			);
			inputFileListPaths = (
				"${PODS_ROOT}/Target Support Files/Pods-IntercomTesting/Pods-IntercomTesting-resources-${CONFIGURATION}-input-files.xcfilelist",
			);
			name = "[CP] Copy Pods Resources";
			outputFileListPaths = (
				"${PODS_ROOT}/Target Support Files/Pods-IntercomTesting/Pods-IntercomTesting-resources-${CONFIGURATION}-output-files.xcfilelist",
			);
			runOnlyForDeploymentPostprocessing = 0;
			shellPath = /bin/sh;
			shellScript = "\"${PODS_ROOT}/Target Support Files/Pods-IntercomTesting/Pods-IntercomTesting-resources.sh\"\n";
			showEnvVarsInLog = 0;
		};
		AC6037247A0E81DCCF109E5B /* [CP] Check Pods Manifest.lock */ = {
			isa = PBXShellScriptBuildPhase;
			buildActionMask = 2147483647;
			files = (
			);
			inputFileListPaths = (
			);
			inputPaths = (
				"${PODS_PODFILE_DIR_PATH}/Podfile.lock",
				"${PODS_ROOT}/Manifest.lock",
			);
			name = "[CP] Check Pods Manifest.lock";
			outputFileListPaths = (
			);
			outputPaths = (
				"$(DERIVED_FILE_DIR)/Pods-IntercomTesting-checkManifestLockResult.txt",
			);
			runOnlyForDeploymentPostprocessing = 0;
			shellPath = /bin/sh;
			shellScript = "diff \"${PODS_PODFILE_DIR_PATH}/Podfile.lock\" \"${PODS_ROOT}/Manifest.lock\" > /dev/null\nif [ $? != 0 ] ; then\n    # print error to STDERR\n    echo \"error: The sandbox is not in sync with the Podfile.lock. Run 'pod install' or update your CocoaPods installation.\" >&2\n    exit 1\nfi\n# This output is used by Xcode 'outputs' to avoid re-running this script phase.\necho \"SUCCESS\" > \"${SCRIPT_OUTPUT_FILE_0}\"\n";
			showEnvVarsInLog = 0;
		};
/* End PBXShellScriptBuildPhase section */

/* Begin PBXSourcesBuildPhase section */
		FA6BFDC424AD288400AE842C /* Sources */ = {
			isa = PBXSourcesBuildPhase;
			buildActionMask = 2147483647;
			files = (
				FA6BFDD024AD288400AE842C /* ViewController.swift in Sources */,
				FA6BFDE024AD2C5400AE842C /* ChatBot.swift in Sources */,
				FA6BFDCC24AD288400AE842C /* AppDelegate.swift in Sources */,
				FA6BFDCE24AD288400AE842C /* SceneDelegate.swift in Sources */,
			);
			runOnlyForDeploymentPostprocessing = 0;
		};
/* End PBXSourcesBuildPhase section */

/* Begin PBXVariantGroup section */
		FA6BFDD124AD288400AE842C /* Main.storyboard */ = {
			isa = PBXVariantGroup;
			children = (
				FA6BFDD224AD288400AE842C /* Base */,
			);
			name = Main.storyboard;
			sourceTree = "<group>";
		};
		FA6BFDD624AD288500AE842C /* LaunchScreen.storyboard */ = {
			isa = PBXVariantGroup;
			children = (
				FA6BFDD724AD288500AE842C /* Base */,
			);
			name = LaunchScreen.storyboard;
			sourceTree = "<group>";
		};
/* End PBXVariantGroup section */

/* Begin XCBuildConfiguration section */
		FA6BFDDA24AD288500AE842C /* Debug */ = {
			isa = XCBuildConfiguration;
			buildSettings = {
				ALWAYS_SEARCH_USER_PATHS = NO;
				CLANG_ANALYZER_NONNULL = YES;
				CLANG_ANALYZER_NUMBER_OBJECT_CONVERSION = YES_AGGRESSIVE;
				CLANG_CXX_LANGUAGE_STANDARD = "gnu++14";
				CLANG_CXX_LIBRARY = "libc++";
				CLANG_ENABLE_MODULES = YES;
				CLANG_ENABLE_OBJC_ARC = YES;
				CLANG_ENABLE_OBJC_WEAK = YES;
				CLANG_WARN_BLOCK_CAPTURE_AUTORELEASING = YES;
				CLANG_WARN_BOOL_CONVERSION = YES;
				CLANG_WARN_COMMA = YES;
				CLANG_WARN_CONSTANT_CONVERSION = YES;
				CLANG_WARN_DEPRECATED_OBJC_IMPLEMENTATIONS = YES;
				CLANG_WARN_DIRECT_OBJC_ISA_USAGE = YES_ERROR;
				CLANG_WARN_DOCUMENTATION_COMMENTS = YES;
				CLANG_WARN_EMPTY_BODY = YES;
				CLANG_WARN_ENUM_CONVERSION = YES;
				CLANG_WARN_INFINITE_RECURSION = YES;
				CLANG_WARN_INT_CONVERSION = YES;
				CLANG_WARN_NON_LITERAL_NULL_CONVERSION = YES;
				CLANG_WARN_OBJC_IMPLICIT_RETAIN_SELF = YES;
				CLANG_WARN_OBJC_LITERAL_CONVERSION = YES;
				CLANG_WARN_OBJC_ROOT_CLASS = YES_ERROR;
				CLANG_WARN_RANGE_LOOP_ANALYSIS = YES;
				CLANG_WARN_STRICT_PROTOTYPES = YES;
				CLANG_WARN_SUSPICIOUS_MOVE = YES;
				CLANG_WARN_UNGUARDED_AVAILABILITY = YES_AGGRESSIVE;
				CLANG_WARN_UNREACHABLE_CODE = YES;
				CLANG_WARN__DUPLICATE_METHOD_MATCH = YES;
				COPY_PHASE_STRIP = NO;
				DEBUG_INFORMATION_FORMAT = dwarf;
				ENABLE_STRICT_OBJC_MSGSEND = YES;
				ENABLE_TESTABILITY = YES;
				GCC_C_LANGUAGE_STANDARD = gnu11;
				GCC_DYNAMIC_NO_PIC = NO;
				GCC_NO_COMMON_BLOCKS = YES;
				GCC_OPTIMIZATION_LEVEL = 0;
				GCC_PREPROCESSOR_DEFINITIONS = (
					"DEBUG=1",
					"$(inherited)",
				);
				GCC_WARN_64_TO_32_BIT_CONVERSION = YES;
				GCC_WARN_ABOUT_RETURN_TYPE = YES_ERROR;
				GCC_WARN_UNDECLARED_SELECTOR = YES;
				GCC_WARN_UNINITIALIZED_AUTOS = YES_AGGRESSIVE;
				GCC_WARN_UNUSED_FUNCTION = YES;
				GCC_WARN_UNUSED_VARIABLE = YES;
				IPHONEOS_DEPLOYMENT_TARGET = 13.5;
				MTL_ENABLE_DEBUG_INFO = INCLUDE_SOURCE;
				MTL_FAST_MATH = YES;
				ONLY_ACTIVE_ARCH = YES;
				SDKROOT = iphoneos;
				SWIFT_ACTIVE_COMPILATION_CONDITIONS = DEBUG;
				SWIFT_OPTIMIZATION_LEVEL = "-Onone";
			};
			name = Debug;
		};
		FA6BFDDB24AD288500AE842C /* Release */ = {
			isa = XCBuildConfiguration;
			buildSettings = {
				ALWAYS_SEARCH_USER_PATHS = NO;
				CLANG_ANALYZER_NONNULL = YES;
				CLANG_ANALYZER_NUMBER_OBJECT_CONVERSION = YES_AGGRESSIVE;
				CLANG_CXX_LANGUAGE_STANDARD = "gnu++14";
				CLANG_CXX_LIBRARY = "libc++";
				CLANG_ENABLE_MODULES = YES;
				CLANG_ENABLE_OBJC_ARC = YES;
				CLANG_ENABLE_OBJC_WEAK = YES;
				CLANG_WARN_BLOCK_CAPTURE_AUTORELEASING = YES;
				CLANG_WARN_BOOL_CONVERSION = YES;
				CLANG_WARN_COMMA = YES;
				CLANG_WARN_CONSTANT_CONVERSION = YES;
				CLANG_WARN_DEPRECATED_OBJC_IMPLEMENTATIONS = YES;
				CLANG_WARN_DIRECT_OBJC_ISA_USAGE = YES_ERROR;
				CLANG_WARN_DOCUMENTATION_COMMENTS = YES;
				CLANG_WARN_EMPTY_BODY = YES;
				CLANG_WARN_ENUM_CONVERSION = YES;
				CLANG_WARN_INFINITE_RECURSION = YES;
				CLANG_WARN_INT_CONVERSION = YES;
				CLANG_WARN_NON_LITERAL_NULL_CONVERSION = YES;
				CLANG_WARN_OBJC_IMPLICIT_RETAIN_SELF = YES;
				CLANG_WARN_OBJC_LITERAL_CONVERSION = YES;
				CLANG_WARN_OBJC_ROOT_CLASS = YES_ERROR;
				CLANG_WARN_RANGE_LOOP_ANALYSIS = YES;
				CLANG_WARN_STRICT_PROTOTYPES = YES;
				CLANG_WARN_SUSPICIOUS_MOVE = YES;
				CLANG_WARN_UNGUARDED_AVAILABILITY = YES_AGGRESSIVE;
				CLANG_WARN_UNREACHABLE_CODE = YES;
				CLANG_WARN__DUPLICATE_METHOD_MATCH = YES;
				COPY_PHASE_STRIP = NO;
				DEBUG_INFORMATION_FORMAT = "dwarf-with-dsym";
				ENABLE_NS_ASSERTIONS = NO;
				ENABLE_STRICT_OBJC_MSGSEND = YES;
				GCC_C_LANGUAGE_STANDARD = gnu11;
				GCC_NO_COMMON_BLOCKS = YES;
				GCC_WARN_64_TO_32_BIT_CONVERSION = YES;
				GCC_WARN_ABOUT_RETURN_TYPE = YES_ERROR;
				GCC_WARN_UNDECLARED_SELECTOR = YES;
				GCC_WARN_UNINITIALIZED_AUTOS = YES_AGGRESSIVE;
				GCC_WARN_UNUSED_FUNCTION = YES;
				GCC_WARN_UNUSED_VARIABLE = YES;
				IPHONEOS_DEPLOYMENT_TARGET = 13.5;
				MTL_ENABLE_DEBUG_INFO = NO;
				MTL_FAST_MATH = YES;
				SDKROOT = iphoneos;
				SWIFT_COMPILATION_MODE = wholemodule;
				SWIFT_OPTIMIZATION_LEVEL = "-O";
				VALIDATE_PRODUCT = YES;
			};
			name = Release;
		};
		FA6BFDDD24AD288500AE842C /* Debug */ = {
			isa = XCBuildConfiguration;
			baseConfigurationReference = 1D25233849A98ACF8BF6D9FC /* Pods-IntercomTesting.debug.xcconfig */;
			buildSettings = {
				ASSETCATALOG_COMPILER_APPICON_NAME = AppIcon;
				CODE_SIGN_STYLE = Automatic;
				INFOPLIST_FILE = IntercomTesting/Info.plist;
				LD_RUNPATH_SEARCH_PATHS = (
					"$(inherited)",
					"@executable_path/Frameworks",
				);
				PRODUCT_BUNDLE_IDENTIFIER = test.IntercomTesting;
				PRODUCT_NAME = "$(TARGET_NAME)";
				SWIFT_VERSION = 5.0;
				TARGETED_DEVICE_FAMILY = "1,2";
			};
			name = Debug;
		};
		FA6BFDDE24AD288500AE842C /* Release */ = {
			isa = XCBuildConfiguration;
			baseConfigurationReference = CB49502D9FAF91BF10D36AC0 /* Pods-IntercomTesting.release.xcconfig */;
			buildSettings = {
				ASSETCATALOG_COMPILER_APPICON_NAME = AppIcon;
				CODE_SIGN_STYLE = Automatic;
				INFOPLIST_FILE = IntercomTesting/Info.plist;
				LD_RUNPATH_SEARCH_PATHS = (
					"$(inherited)",
					"@executable_path/Frameworks",
				);
				PRODUCT_BUNDLE_IDENTIFIER = test.IntercomTesting;
				PRODUCT_NAME = "$(TARGET_NAME)";
				SWIFT_VERSION = 5.0;
				TARGETED_DEVICE_FAMILY = "1,2";
			};
			name = Release;
		};
/* End XCBuildConfiguration section */

/* Begin XCConfigurationList section */
		FA6BFDC324AD288400AE842C /* Build configuration list for PBXProject "IntercomTesting" */ = {
			isa = XCConfigurationList;
			buildConfigurations = (
				FA6BFDDA24AD288500AE842C /* Debug */,
				FA6BFDDB24AD288500AE842C /* Release */,
			);
			defaultConfigurationIsVisible = 0;
			defaultConfigurationName = Release;
		};
		FA6BFDDC24AD288500AE842C /* Build configuration list for PBXNativeTarget "IntercomTesting" */ = {
			isa = XCConfigurationList;
			buildConfigurations = (
				FA6BFDDD24AD288500AE842C /* Debug */,
				FA6BFDDE24AD288500AE842C /* Release */,
			);
			defaultConfigurationIsVisible = 0;
			defaultConfigurationName = Release;
		};
/* End XCConfigurationList section */
	};
	rootObject = FA6BFDC024AD288400AE842C /* Project object */;
}
